
Microsoft Visual Studio Solution File, Format Version 12.00
# Visual Studio Version 17
VisualStudioVersion = 17.0.32126.317
MinimumVisualStudioVersion = 10.0.40219.1
Project("{FAE04EC0-301F-11D3-BF4B-00C04F79EFBC}") = "Browse Ratings", "Browse Ratings\Browse Ratings.csproj", "{46999FE3-3DB3-4844-ADAC-369FDD4F8615}"
EndProject
Global
	GlobalSection(SolutionConfigurationPlatforms) = preSolution
		Debug|Any CPU = Debug|Any CPU
		Release|Any CPU = Release|Any CPU
	EndGlobalSection
	GlobalSection(ProjectConfigurationPlatforms) = postSolution
		{46999FE3-3DB3-4844-ADAC-369FDD4F8615}.Debug|Any CPU.ActiveCfg = Debug|Any CPU
		{46999FE3-3DB3-4844-ADAC-369FDD4F8615}.Debug|Any CPU.Build.0 = Debug|Any CPU
		{46999FE3-3DB3-4844-ADAC-369FDD4F8615}.Release|Any CPU.ActiveCfg = Release|Any CPU
		{46999FE3-3DB3-4844-ADAC-369FDD4F8615}.Release|Any CPU.Build.0 = Release|Any CPU
	EndGlobalSection
	GlobalSection(SolutionProperties) = preSolution
		HideSolutionNode = FALSE
	EndGlobalSection
	GlobalSection(ExtensibilityGlobals) = postSolution
		SolutionGuid = {EF484648-4B5C-4D15-8566-00AE35FC0650}
	EndGlobalSection
EndGlobal
